
Microsoft Visual Studio Solution File, Format Version 12.00
# Visual Studio Version 17
VisualStudioVersion = 17.4.33213.308
MinimumVisualStudioVersion = 10.0.40219.1
Project("{FAE04EC0-301F-11D3-BF4B-00C04F79EFBC}") = "Exercise4JG", "Exercise4JG.csproj", "{FC4F888C-ABF3-4AAE-89E7-3FB528D4A15A}"
EndProject
Global
	GlobalSection(SolutionConfigurationPlatforms) = preSolution
		Debug|Any CPU = Debug|Any CPU
		Release|Any CPU = Release|Any CPU
	EndGlobalSection
	GlobalSection(ProjectConfigurationPlatforms) = postSolution
		{FC4F888C-ABF3-4AAE-89E7-3FB528D4A15A}.Debug|Any CPU.ActiveCfg = Debug|Any CPU
		{FC4F888C-ABF3-4AAE-89E7-3FB528D4A15A}.Debug|Any CPU.Build.0 = Debug|Any CPU
		{FC4F888C-ABF3-4AAE-89E7-3FB528D4A15A}.Release|Any CPU.ActiveCfg = Release|Any CPU
		{FC4F888C-ABF3-4AAE-89E7-3FB528D4A15A}.Release|Any CPU.Build.0 = Release|Any CPU
	EndGlobalSection
	GlobalSection(SolutionProperties) = preSolution
		HideSolutionNode = FALSE
	EndGlobalSection
	GlobalSection(ExtensibilityGlobals) = postSolution
		SolutionGuid = {5BD0003B-CF30-48B4-80C7-941893DA3D60}
	EndGlobalSection
EndGlobal
